{
  "name": "task-master-chrome-extension",
  "version": "0.0.5",
  "lockfileVersion": 2,
  "requires": true,
  "packages": {
    "": {
      "name": "task-master-chrome-extension",
      "version": "0.0.5",
      "license": "ISC",
      "dependencies": {
        "blockdom": "^0.9.26",
        "solid-js": "^1.6.2"
      }
    },
    "node_modules/blockdom": {
      "version": "0.9.26",
      "resolved": "https://registry.npmjs.org/blockdom/-/blockdom-0.9.26.tgz",
      "integrity": "sha512-B2lqJI1IVFHb+/cweg5sQwqVo3+z+qAeeF8SfAMdT034OOG3PlfzrglSqv2Z/EqiIfacUYvGJ2mTZTDSbwHJSw==",
      "engines": {
        "node": ">=10.15.3"
      }
    },
    "node_modules/csstype": {
      "version": "3.1.1",
      "resolved": "https://registry.npmjs.org/csstype/-/csstype-3.1.1.tgz",
      "integrity": "sha512-DJR/VvkAvSZW9bTouZue2sSxDwdTN92uHjqeKVm+0dAqdfNykRzQ95tay8aXMBAAPpUiq4Qcug2L7neoRh2Egw=="
    },
    "node_modules/solid-js": {
      "version": "1.6.2",
      "resolved": "https://registry.npmjs.org/solid-js/-/solid-js-1.6.2.tgz",
      "integrity": "sha512-AZBsj+Yn1xliniTTeuQKG9V7VQVkQ8lZmSKvBjpcVSoZeF7nvt/N5f7Kcsx6QSufioa2YgvBjkIiA0cM0qhotw==",
      "dependencies": {
        "csstype": "^3.1.0"
      }
    }
  },
  "dependencies": {
    "blockdom": {
      "version": "0.9.26",
      "resolved": "https://registry.npmjs.org/blockdom/-/blockdom-0.9.26.tgz",
      "integrity": "sha512-B2lqJI1IVFHb+/cweg5sQwqVo3+z+qAeeF8SfAMdT034OOG3PlfzrglSqv2Z/EqiIfacUYvGJ2mTZTDSbwHJSw=="
    },
    "csstype": {
      "version": "3.1.1",
      "resolved": "https://registry.npmjs.org/csstype/-/csstype-3.1.1.tgz",
      "integrity": "sha512-DJR/VvkAvSZW9bTouZue2sSxDwdTN92uHjqeKVm+0dAqdfNykRzQ95tay8aXMBAAPpUiq4Qcug2L7neoRh2Egw=="
    },
    "solid-js": {
      "version": "1.6.2",
      "resolved": "https://registry.npmjs.org/solid-js/-/solid-js-1.6.2.tgz",
      "integrity": "sha512-AZBsj+Yn1xliniTTeuQKG9V7VQVkQ8lZmSKvBjpcVSoZeF7nvt/N5f7Kcsx6QSufioa2YgvBjkIiA0cM0qhotw==",
      "requires": {
        "csstype": "^3.1.0"
      }
    }
  }
}
